
Microsoft Visual Studio Solution File, Format Version 12.00
# Visual Studio Version 16
VisualStudioVersion = 16.0.29920.165
MinimumVisualStudioVersion = 10.0.40219.1
Project("{FAE04EC0-301F-11D3-BF4B-00C04F79EFBC}") = "ReScoreThemis", "ReScoreThemis.csproj", "{2F43F785-283B-4F09-839D-4040E128C60B}"
EndProject
Global
	GlobalSection(SolutionConfigurationPlatforms) = preSolution
		Debug|Any CPU = Debug|Any CPU
		Release|Any CPU = Release|Any CPU
	EndGlobalSection
	GlobalSection(ProjectConfigurationPlatforms) = postSolution
		{2F43F785-283B-4F09-839D-4040E128C60B}.Debug|Any CPU.ActiveCfg = Debug|Any CPU
		{2F43F785-283B-4F09-839D-4040E128C60B}.Debug|Any CPU.Build.0 = Debug|Any CPU
		{2F43F785-283B-4F09-839D-4040E128C60B}.Release|Any CPU.ActiveCfg = Release|Any CPU
		{2F43F785-283B-4F09-839D-4040E128C60B}.Release|Any CPU.Build.0 = Release|Any CPU
	EndGlobalSection
	GlobalSection(SolutionProperties) = preSolution
		HideSolutionNode = FALSE
	EndGlobalSection
	GlobalSection(ExtensibilityGlobals) = postSolution
		SolutionGuid = {B64F3A4A-52FE-44C7-9895-B9173E4158C9}
	EndGlobalSection
EndGlobal
